// !$*UTF8*$!
{
	archiveVersion = 1;
	classes = {
	};
	objectVersion = 50;
	objects = {

/* Begin PBXBuildFile section */
		59825870AFBC1D6CAAB627B4 /* Pods_Macros.framework in Frameworks */ = {isa = PBXBuildFile; fileRef = 1FB5F13B2DA9E64E6D2DC738 /* Pods_Macros.framework */; };
		842DFA3D2465021D00F27BE5 /* GoalCollectionCell.swift in Sources */ = {isa = PBXBuildFile; fileRef = 842DFA3C2465021D00F27BE5 /* GoalCollectionCell.swift */; };
		842DFA3F2465030800F27BE5 /* TVDemoViewController.swift in Sources */ = {isa = PBXBuildFile; fileRef = 842DFA3E2465030800F27BE5 /* TVDemoViewController.swift */; };
		842DFA4124663B7B00F27BE5 /* HealthKitProtocol.swift in Sources */ = {isa = PBXBuildFile; fileRef = 842DFA4024663B7B00F27BE5 /* HealthKitProtocol.swift */; };
		842DFA4324663C1100F27BE5 /* HealthKitManager.swift in Sources */ = {isa = PBXBuildFile; fileRef = 842DFA4224663C1100F27BE5 /* HealthKitManager.swift */; };
		842DFA4724663F6400F27BE5 /* HealthKit.framework in Frameworks */ = {isa = PBXBuildFile; fileRef = 842DFA4624663F6400F27BE5 /* HealthKit.framework */; };
		8459E74B2460EC15002452F6 /* AppDelegate.swift in Sources */ = {isa = PBXBuildFile; fileRef = 8459E74A2460EC15002452F6 /* AppDelegate.swift */; };
		8459E74D2460EC15002452F6 /* SceneDelegate.swift in Sources */ = {isa = PBXBuildFile; fileRef = 8459E74C2460EC15002452F6 /* SceneDelegate.swift */; };
		8459E74F2460EC15002452F6 /* DemoViewController.swift in Sources */ = {isa = PBXBuildFile; fileRef = 8459E74E2460EC15002452F6 /* DemoViewController.swift */; };
		8459E7542460EC16002452F6 /* Assets.xcassets in Resources */ = {isa = PBXBuildFile; fileRef = 8459E7532460EC16002452F6 /* Assets.xcassets */; };
		8459E7572460EC16002452F6 /* LaunchScreen.storyboard in Resources */ = {isa = PBXBuildFile; fileRef = 8459E7552460EC16002452F6 /* LaunchScreen.storyboard */; };
		8459E7622460EC17002452F6 /* MacrosTests.swift in Sources */ = {isa = PBXBuildFile; fileRef = 8459E7612460EC17002452F6 /* MacrosTests.swift */; };
		8459E76D2460EC17002452F6 /* MacrosUITests.swift in Sources */ = {isa = PBXBuildFile; fileRef = 8459E76C2460EC17002452F6 /* MacrosUITests.swift */; };
		8459E77B2460ECFA002452F6 /* GoalCell.swift in Sources */ = {isa = PBXBuildFile; fileRef = 8459E77A2460ECFA002452F6 /* GoalCell.swift */; };
		8459E77D2460FA92002452F6 /* Extensions.swift in Sources */ = {isa = PBXBuildFile; fileRef = 8459E77C2460FA92002452F6 /* Extensions.swift */; };
		84B3588B2464FCA7001FA5C3 /* FoodDatabaseProperties.swift in Sources */ = {isa = PBXBuildFile; fileRef = 84B3588A2464FCA7001FA5C3 /* FoodDatabaseProperties.swift */; };
		84B3588D2464FCB9001FA5C3 /* FoodDatabaseManager.swift in Sources */ = {isa = PBXBuildFile; fileRef = 84B3588C2464FCB9001FA5C3 /* FoodDatabaseManager.swift */; };
		84B3588F2464FCDA001FA5C3 /* FoodDatabaseProtocol.swift in Sources */ = {isa = PBXBuildFile; fileRef = 84B3588E2464FCDA001FA5C3 /* FoodDatabaseProtocol.swift */; };
		84B358922464FD35001FA5C3 /* FoodDatabaseModels.swift in Sources */ = {isa = PBXBuildFile; fileRef = 84B358912464FD35001FA5C3 /* FoodDatabaseModels.swift */; };
		84E40C07246E072500F7DA9D /* CalendarViewController.swift in Sources */ = {isa = PBXBuildFile; fileRef = 84E40C06246E072500F7DA9D /* CalendarViewController.swift */; };
		9C730E2FB4BDF3B3A72F6160 /* Pods_MacrosTests.framework in Frameworks */ = {isa = PBXBuildFile; fileRef = F5103FBFBE793EE1168B3105 /* Pods_MacrosTests.framework */; };
		D760E8A68A989B32A3C825D0 /* Pods_Macros_MacrosUITests.framework in Frameworks */ = {isa = PBXBuildFile; fileRef = 88E16B4B0F28DEF7AC93573C /* Pods_Macros_MacrosUITests.framework */; };
/* End PBXBuildFile section */

/* Begin PBXContainerItemProxy section */
		8459E75E2460EC17002452F6 /* PBXContainerItemProxy */ = {
			isa = PBXContainerItemProxy;
			containerPortal = 8459E73F2460EC15002452F6 /* Project object */;
			proxyType = 1;
			remoteGlobalIDString = 8459E7462460EC15002452F6;
			remoteInfo = Macros;
		};
		8459E7692460EC17002452F6 /* PBXContainerItemProxy */ = {
			isa = PBXContainerItemProxy;
			containerPortal = 8459E73F2460EC15002452F6 /* Project object */;
			proxyType = 1;
			remoteGlobalIDString = 8459E7462460EC15002452F6;
			remoteInfo = Macros;
		};
/* End PBXContainerItemProxy section */

/* Begin PBXFileReference section */
		0B77857CCA83C2EB2FB21E31 /* Pods-MacrosTests.release.xcconfig */ = {isa = PBXFileReference; includeInIndex = 1; lastKnownFileType = text.xcconfig; name = "Pods-MacrosTests.release.xcconfig"; path = "Target Support Files/Pods-MacrosTests/Pods-MacrosTests.release.xcconfig"; sourceTree = "<group>"; };
		1FB5F13B2DA9E64E6D2DC738 /* Pods_Macros.framework */ = {isa = PBXFileReference; explicitFileType = wrapper.framework; includeInIndex = 0; path = Pods_Macros.framework; sourceTree = BUILT_PRODUCTS_DIR; };
		842DFA3C2465021D00F27BE5 /* GoalCollectionCell.swift */ = {isa = PBXFileReference; lastKnownFileType = sourcecode.swift; path = GoalCollectionCell.swift; sourceTree = "<group>"; };
		842DFA3E2465030800F27BE5 /* TVDemoViewController.swift */ = {isa = PBXFileReference; lastKnownFileType = sourcecode.swift; path = TVDemoViewController.swift; sourceTree = "<group>"; };
		842DFA4024663B7B00F27BE5 /* HealthKitProtocol.swift */ = {isa = PBXFileReference; lastKnownFileType = sourcecode.swift; path = HealthKitProtocol.swift; sourceTree = "<group>"; };
		842DFA4224663C1100F27BE5 /* HealthKitManager.swift */ = {isa = PBXFileReference; lastKnownFileType = sourcecode.swift; path = HealthKitManager.swift; sourceTree = "<group>"; };
		842DFA4424663F6300F27BE5 /* Macros.entitlements */ = {isa = PBXFileReference; lastKnownFileType = text.plist.entitlements; path = Macros.entitlements; sourceTree = "<group>"; };
		842DFA4624663F6400F27BE5 /* HealthKit.framework */ = {isa = PBXFileReference; lastKnownFileType = wrapper.framework; name = HealthKit.framework; path = System/Library/Frameworks/HealthKit.framework; sourceTree = SDKROOT; };
		8459E7472460EC15002452F6 /* Macros.app */ = {isa = PBXFileReference; explicitFileType = wrapper.application; includeInIndex = 0; path = Macros.app; sourceTree = BUILT_PRODUCTS_DIR; };
		8459E74A2460EC15002452F6 /* AppDelegate.swift */ = {isa = PBXFileReference; lastKnownFileType = sourcecode.swift; path = AppDelegate.swift; sourceTree = "<group>"; };
		8459E74C2460EC15002452F6 /* SceneDelegate.swift */ = {isa = PBXFileReference; lastKnownFileType = sourcecode.swift; path = SceneDelegate.swift; sourceTree = "<group>"; };
		8459E74E2460EC15002452F6 /* DemoViewController.swift */ = {isa = PBXFileReference; lastKnownFileType = sourcecode.swift; path = DemoViewController.swift; sourceTree = "<group>"; };
		8459E7532460EC16002452F6 /* Assets.xcassets */ = {isa = PBXFileReference; lastKnownFileType = folder.assetcatalog; path = Assets.xcassets; sourceTree = "<group>"; };
		8459E7562460EC16002452F6 /* Base */ = {isa = PBXFileReference; lastKnownFileType = file.storyboard; name = Base; path = Base.lproj/LaunchScreen.storyboard; sourceTree = "<group>"; };
		8459E7582460EC16002452F6 /* Info.plist */ = {isa = PBXFileReference; lastKnownFileType = text.plist.xml; path = Info.plist; sourceTree = "<group>"; };
		8459E75D2460EC17002452F6 /* MacrosTests.xctest */ = {isa = PBXFileReference; explicitFileType = wrapper.cfbundle; includeInIndex = 0; path = MacrosTests.xctest; sourceTree = BUILT_PRODUCTS_DIR; };
		8459E7612460EC17002452F6 /* MacrosTests.swift */ = {isa = PBXFileReference; lastKnownFileType = sourcecode.swift; path = MacrosTests.swift; sourceTree = "<group>"; };
		8459E7632460EC17002452F6 /* Info.plist */ = {isa = PBXFileReference; lastKnownFileType = text.plist.xml; path = Info.plist; sourceTree = "<group>"; };
		8459E7682460EC17002452F6 /* MacrosUITests.xctest */ = {isa = PBXFileReference; explicitFileType = wrapper.cfbundle; includeInIndex = 0; path = MacrosUITests.xctest; sourceTree = BUILT_PRODUCTS_DIR; };
		8459E76C2460EC17002452F6 /* MacrosUITests.swift */ = {isa = PBXFileReference; lastKnownFileType = sourcecode.swift; path = MacrosUITests.swift; sourceTree = "<group>"; };
		8459E76E2460EC17002452F6 /* Info.plist */ = {isa = PBXFileReference; lastKnownFileType = text.plist.xml; path = Info.plist; sourceTree = "<group>"; };
		8459E77A2460ECFA002452F6 /* GoalCell.swift */ = {isa = PBXFileReference; lastKnownFileType = sourcecode.swift; path = GoalCell.swift; sourceTree = "<group>"; };
		8459E77C2460FA92002452F6 /* Extensions.swift */ = {isa = PBXFileReference; lastKnownFileType = sourcecode.swift; path = Extensions.swift; sourceTree = "<group>"; };
		84B3588A2464FCA7001FA5C3 /* FoodDatabaseProperties.swift */ = {isa = PBXFileReference; lastKnownFileType = sourcecode.swift; path = FoodDatabaseProperties.swift; sourceTree = "<group>"; };
		84B3588C2464FCB9001FA5C3 /* FoodDatabaseManager.swift */ = {isa = PBXFileReference; lastKnownFileType = sourcecode.swift; path = FoodDatabaseManager.swift; sourceTree = "<group>"; };
		84B3588E2464FCDA001FA5C3 /* FoodDatabaseProtocol.swift */ = {isa = PBXFileReference; lastKnownFileType = sourcecode.swift; path = FoodDatabaseProtocol.swift; sourceTree = "<group>"; };
		84B358912464FD35001FA5C3 /* FoodDatabaseModels.swift */ = {isa = PBXFileReference; lastKnownFileType = sourcecode.swift; path = FoodDatabaseModels.swift; sourceTree = "<group>"; };
		84E40C06246E072500F7DA9D /* CalendarViewController.swift */ = {isa = PBXFileReference; lastKnownFileType = sourcecode.swift; path = CalendarViewController.swift; sourceTree = "<group>"; };
		88E16B4B0F28DEF7AC93573C /* Pods_Macros_MacrosUITests.framework */ = {isa = PBXFileReference; explicitFileType = wrapper.framework; includeInIndex = 0; path = Pods_Macros_MacrosUITests.framework; sourceTree = BUILT_PRODUCTS_DIR; };
		9C906D0DF91B61A7339720DA /* Pods-MacrosTests.debug.xcconfig */ = {isa = PBXFileReference; includeInIndex = 1; lastKnownFileType = text.xcconfig; name = "Pods-MacrosTests.debug.xcconfig"; path = "Target Support Files/Pods-MacrosTests/Pods-MacrosTests.debug.xcconfig"; sourceTree = "<group>"; };
		AA2E11FF0F01406082F14D8D /* Pods-Macros-MacrosUITests.release.xcconfig */ = {isa = PBXFileReference; includeInIndex = 1; lastKnownFileType = text.xcconfig; name = "Pods-Macros-MacrosUITests.release.xcconfig"; path = "Target Support Files/Pods-Macros-MacrosUITests/Pods-Macros-MacrosUITests.release.xcconfig"; sourceTree = "<group>"; };
		CF301D55AF823D10A30F4568 /* Pods-Macros.release.xcconfig */ = {isa = PBXFileReference; includeInIndex = 1; lastKnownFileType = text.xcconfig; name = "Pods-Macros.release.xcconfig"; path = "Target Support Files/Pods-Macros/Pods-Macros.release.xcconfig"; sourceTree = "<group>"; };
		D76722311B6F7503812696C5 /* Pods-Macros-MacrosUITests.debug.xcconfig */ = {isa = PBXFileReference; includeInIndex = 1; lastKnownFileType = text.xcconfig; name = "Pods-Macros-MacrosUITests.debug.xcconfig"; path = "Target Support Files/Pods-Macros-MacrosUITests/Pods-Macros-MacrosUITests.debug.xcconfig"; sourceTree = "<group>"; };
		F5103FBFBE793EE1168B3105 /* Pods_MacrosTests.framework */ = {isa = PBXFileReference; explicitFileType = wrapper.framework; includeInIndex = 0; path = Pods_MacrosTests.framework; sourceTree = BUILT_PRODUCTS_DIR; };
		F8B07C92B2F1708B95F0A62B /* Pods-Macros.debug.xcconfig */ = {isa = PBXFileReference; includeInIndex = 1; lastKnownFileType = text.xcconfig; name = "Pods-Macros.debug.xcconfig"; path = "Target Support Files/Pods-Macros/Pods-Macros.debug.xcconfig"; sourceTree = "<group>"; };
/* End PBXFileReference section */

/* Begin PBXFrameworksBuildPhase section */
		8459E7442460EC15002452F6 /* Frameworks */ = {
			isa = PBXFrameworksBuildPhase;
			buildActionMask = 2147483647;
			files = (
				842DFA4724663F6400F27BE5 /* HealthKit.framework in Frameworks */,
				59825870AFBC1D6CAAB627B4 /* Pods_Macros.framework in Frameworks */,
			);
			runOnlyForDeploymentPostprocessing = 0;
		};
		8459E75A2460EC17002452F6 /* Frameworks */ = {
			isa = PBXFrameworksBuildPhase;
			buildActionMask = 2147483647;
			files = (
				9C730E2FB4BDF3B3A72F6160 /* Pods_MacrosTests.framework in Frameworks */,
			);
			runOnlyForDeploymentPostprocessing = 0;
		};
		8459E7652460EC17002452F6 /* Frameworks */ = {
			isa = PBXFrameworksBuildPhase;
			buildActionMask = 2147483647;
			files = (
				D760E8A68A989B32A3C825D0 /* Pods_Macros_MacrosUITests.framework in Frameworks */,
			);
			runOnlyForDeploymentPostprocessing = 0;
		};
/* End PBXFrameworksBuildPhase section */

/* Begin PBXGroup section */
		842DFA4524663F6400F27BE5 /* Frameworks */ = {
			isa = PBXGroup;
			children = (
				842DFA4624663F6400F27BE5 /* HealthKit.framework */,
				1FB5F13B2DA9E64E6D2DC738 /* Pods_Macros.framework */,
				88E16B4B0F28DEF7AC93573C /* Pods_Macros_MacrosUITests.framework */,
				F5103FBFBE793EE1168B3105 /* Pods_MacrosTests.framework */,
			);
			name = Frameworks;
			sourceTree = "<group>";
		};
		842DFA4824663F8C00F27BE5 /* HealthKit Manager */ = {
			isa = PBXGroup;
			children = (
				842DFA4024663B7B00F27BE5 /* HealthKitProtocol.swift */,
				842DFA4224663C1100F27BE5 /* HealthKitManager.swift */,
			);
			path = "HealthKit Manager";
			sourceTree = "<group>";
		};
		8459E73E2460EC15002452F6 = {
			isa = PBXGroup;
			children = (
				8459E7492460EC15002452F6 /* Macros */,
				8459E7602460EC17002452F6 /* MacrosTests */,
				8459E76B2460EC17002452F6 /* MacrosUITests */,
				8459E7482460EC15002452F6 /* Products */,
				842DFA4524663F6400F27BE5 /* Frameworks */,
				F7E7D78CD34E07A7DAABAF62 /* Pods */,
			);
			sourceTree = "<group>";
		};
		8459E7482460EC15002452F6 /* Products */ = {
			isa = PBXGroup;
			children = (
				8459E7472460EC15002452F6 /* Macros.app */,
				8459E75D2460EC17002452F6 /* MacrosTests.xctest */,
				8459E7682460EC17002452F6 /* MacrosUITests.xctest */,
			);
			name = Products;
			sourceTree = "<group>";
		};
		8459E7492460EC15002452F6 /* Macros */ = {
			isa = PBXGroup;
			children = (
				842DFA4424663F6300F27BE5 /* Macros.entitlements */,
				8459E74A2460EC15002452F6 /* AppDelegate.swift */,
				8459E74C2460EC15002452F6 /* SceneDelegate.swift */,
				8459E74E2460EC15002452F6 /* DemoViewController.swift */,
				842DFA3E2465030800F27BE5 /* TVDemoViewController.swift */,
				84E40C06246E072500F7DA9D /* CalendarViewController.swift */,
				842DFA4824663F8C00F27BE5 /* HealthKit Manager */,
				84B358892464F436001FA5C3 /* Components */,
				84B358902464FCEA001FA5C3 /* Food Database Manager */,
				8459E77C2460FA92002452F6 /* Extensions.swift */,
				8459E7532460EC16002452F6 /* Assets.xcassets */,
				8459E7552460EC16002452F6 /* LaunchScreen.storyboard */,
				8459E7582460EC16002452F6 /* Info.plist */,
			);
			path = Macros;
			sourceTree = "<group>";
		};
		8459E7602460EC17002452F6 /* MacrosTests */ = {
			isa = PBXGroup;
			children = (
				8459E7612460EC17002452F6 /* MacrosTests.swift */,
				8459E7632460EC17002452F6 /* Info.plist */,
			);
			path = MacrosTests;
			sourceTree = "<group>";
		};
		8459E76B2460EC17002452F6 /* MacrosUITests */ = {
			isa = PBXGroup;
			children = (
				8459E76C2460EC17002452F6 /* MacrosUITests.swift */,
				8459E76E2460EC17002452F6 /* Info.plist */,
			);
			path = MacrosUITests;
			sourceTree = "<group>";
		};
		84B358892464F436001FA5C3 /* Components */ = {
			isa = PBXGroup;
			children = (
				8459E77A2460ECFA002452F6 /* GoalCell.swift */,
				842DFA3C2465021D00F27BE5 /* GoalCollectionCell.swift */,
			);
			path = Components;
			sourceTree = "<group>";
		};
		84B358902464FCEA001FA5C3 /* Food Database Manager */ = {
			isa = PBXGroup;
			children = (
				84B3588E2464FCDA001FA5C3 /* FoodDatabaseProtocol.swift */,
				84B3588A2464FCA7001FA5C3 /* FoodDatabaseProperties.swift */,
				84B3588C2464FCB9001FA5C3 /* FoodDatabaseManager.swift */,
				84B358912464FD35001FA5C3 /* FoodDatabaseModels.swift */,
			);
			path = "Food Database Manager";
			sourceTree = "<group>";
		};
		F7E7D78CD34E07A7DAABAF62 /* Pods */ = {
			isa = PBXGroup;
			children = (
				F8B07C92B2F1708B95F0A62B /* Pods-Macros.debug.xcconfig */,
				CF301D55AF823D10A30F4568 /* Pods-Macros.release.xcconfig */,
				D76722311B6F7503812696C5 /* Pods-Macros-MacrosUITests.debug.xcconfig */,
				AA2E11FF0F01406082F14D8D /* Pods-Macros-MacrosUITests.release.xcconfig */,
				9C906D0DF91B61A7339720DA /* Pods-MacrosTests.debug.xcconfig */,
				0B77857CCA83C2EB2FB21E31 /* Pods-MacrosTests.release.xcconfig */,
			);
			name = Pods;
			path = Pods;
			sourceTree = "<group>";
		};
/* End PBXGroup section */

/* Begin PBXNativeTarget section */
		8459E7462460EC15002452F6 /* Macros */ = {
			isa = PBXNativeTarget;
			buildConfigurationList = 8459E7712460EC17002452F6 /* Build configuration list for PBXNativeTarget "Macros" */;
			buildPhases = (
				397A63C531C1BAA0E3A0CC4D /* [CP] Check Pods Manifest.lock */,
				8459E7432460EC15002452F6 /* Sources */,
				8459E7442460EC15002452F6 /* Frameworks */,
				8459E7452460EC15002452F6 /* Resources */,
				DDFDA6B7FC24771BB3F4AD04 /* [CP] Embed Pods Frameworks */,
			);
			buildRules = (
			);
			dependencies = (
			);
			name = Macros;
			productName = Macros;
			productReference = 8459E7472460EC15002452F6 /* Macros.app */;
			productType = "com.apple.product-type.application";
		};
		8459E75C2460EC17002452F6 /* MacrosTests */ = {
			isa = PBXNativeTarget;
			buildConfigurationList = 8459E7742460EC17002452F6 /* Build configuration list for PBXNativeTarget "MacrosTests" */;
			buildPhases = (
				73DFE00DF77658634C4A09F1 /* [CP] Check Pods Manifest.lock */,
				8459E7592460EC17002452F6 /* Sources */,
				8459E75A2460EC17002452F6 /* Frameworks */,
				8459E75B2460EC17002452F6 /* Resources */,
			);
			buildRules = (
			);
			dependencies = (
				8459E75F2460EC17002452F6 /* PBXTargetDependency */,
			);
			name = MacrosTests;
			productName = MacrosTests;
			productReference = 8459E75D2460EC17002452F6 /* MacrosTests.xctest */;
			productType = "com.apple.product-type.bundle.unit-test";
		};
		8459E7672460EC17002452F6 /* MacrosUITests */ = {
			isa = PBXNativeTarget;
			buildConfigurationList = 8459E7772460EC17002452F6 /* Build configuration list for PBXNativeTarget "MacrosUITests" */;
			buildPhases = (
				FE1576E211E90EC1AEE97F0A /* [CP] Check Pods Manifest.lock */,
				8459E7642460EC17002452F6 /* Sources */,
				8459E7652460EC17002452F6 /* Frameworks */,
				8459E7662460EC17002452F6 /* Resources */,
				4534CF5547CEF20956AA9EE9 /* [CP] Embed Pods Frameworks */,
			);
			buildRules = (
			);
			dependencies = (
				8459E76A2460EC17002452F6 /* PBXTargetDependency */,
			);
			name = MacrosUITests;
			productName = MacrosUITests;
			productReference = 8459E7682460EC17002452F6 /* MacrosUITests.xctest */;
			productType = "com.apple.product-type.bundle.ui-testing";
		};
/* End PBXNativeTarget section */

/* Begin PBXProject section */
		8459E73F2460EC15002452F6 /* Project object */ = {
			isa = PBXProject;
			attributes = {
				LastSwiftUpdateCheck = 1140;
				LastUpgradeCheck = 1140;
				ORGANIZATIONNAME = "Jose Aguilar";
				TargetAttributes = {
					8459E7462460EC15002452F6 = {
						CreatedOnToolsVersion = 11.4.1;
					};
					8459E75C2460EC17002452F6 = {
						CreatedOnToolsVersion = 11.4.1;
						TestTargetID = 8459E7462460EC15002452F6;
					};
					8459E7672460EC17002452F6 = {
						CreatedOnToolsVersion = 11.4.1;
						TestTargetID = 8459E7462460EC15002452F6;
					};
				};
			};
			buildConfigurationList = 8459E7422460EC15002452F6 /* Build configuration list for PBXProject "Macros" */;
			compatibilityVersion = "Xcode 9.3";
			developmentRegion = en;
			hasScannedForEncodings = 0;
			knownRegions = (
				en,
				Base,
			);
			mainGroup = 8459E73E2460EC15002452F6;
			productRefGroup = 8459E7482460EC15002452F6 /* Products */;
			projectDirPath = "";
			projectRoot = "";
			targets = (
				8459E7462460EC15002452F6 /* Macros */,
				8459E75C2460EC17002452F6 /* MacrosTests */,
				8459E7672460EC17002452F6 /* MacrosUITests */,
			);
		};
/* End PBXProject section */

/* Begin PBXResourcesBuildPhase section */
		8459E7452460EC15002452F6 /* Resources */ = {
			isa = PBXResourcesBuildPhase;
			buildActionMask = 2147483647;
			files = (
				8459E7572460EC16002452F6 /* LaunchScreen.storyboard in Resources */,
				8459E7542460EC16002452F6 /* Assets.xcassets in Resources */,
			);
			runOnlyForDeploymentPostprocessing = 0;
		};
		8459E75B2460EC17002452F6 /* Resources */ = {
			isa = PBXResourcesBuildPhase;
			buildActionMask = 2147483647;
			files = (
			);
			runOnlyForDeploymentPostprocessing = 0;
		};
		8459E7662460EC17002452F6 /* Resources */ = {
			isa = PBXResourcesBuildPhase;
			buildActionMask = 2147483647;
			files = (
			);
			runOnlyForDeploymentPostprocessing = 0;
		};
/* End PBXResourcesBuildPhase section */

/* Begin PBXShellScriptBuildPhase section */
		397A63C531C1BAA0E3A0CC4D /* [CP] Check Pods Manifest.lock */ = {
			isa = PBXShellScriptBuildPhase;
			buildActionMask = 2147483647;
			files = (
			);
			inputFileListPaths = (
			);
			inputPaths = (
				"${PODS_PODFILE_DIR_PATH}/Podfile.lock",
				"${PODS_ROOT}/Manifest.lock",
			);
			name = "[CP] Check Pods Manifest.lock";
			outputFileListPaths = (
			);
			outputPaths = (
				"$(DERIVED_FILE_DIR)/Pods-Macros-checkManifestLockResult.txt",
			);
			runOnlyForDeploymentPostprocessing = 0;
			shellPath = /bin/sh;
			shellScript = "diff \"${PODS_PODFILE_DIR_PATH}/Podfile.lock\" \"${PODS_ROOT}/Manifest.lock\" > /dev/null\nif [ $? != 0 ] ; then\n    # print error to STDERR\n    echo \"error: The sandbox is not in sync with the Podfile.lock. Run 'pod install' or update your CocoaPods installation.\" >&2\n    exit 1\nfi\n# This output is used by Xcode 'outputs' to avoid re-running this script phase.\necho \"SUCCESS\" > \"${SCRIPT_OUTPUT_FILE_0}\"\n";
			showEnvVarsInLog = 0;
		};
		4534CF5547CEF20956AA9EE9 /* [CP] Embed Pods Frameworks */ = {
			isa = PBXShellScriptBuildPhase;
			buildActionMask = 2147483647;
			files = (
			);
			inputFileListPaths = (
				"${PODS_ROOT}/Target Support Files/Pods-Macros-MacrosUITests/Pods-Macros-MacrosUITests-frameworks-${CONFIGURATION}-input-files.xcfilelist",
			);
			name = "[CP] Embed Pods Frameworks";
			outputFileListPaths = (
				"${PODS_ROOT}/Target Support Files/Pods-Macros-MacrosUITests/Pods-Macros-MacrosUITests-frameworks-${CONFIGURATION}-output-files.xcfilelist",
			);
			runOnlyForDeploymentPostprocessing = 0;
			shellPath = /bin/sh;
			shellScript = "\"${PODS_ROOT}/Target Support Files/Pods-Macros-MacrosUITests/Pods-Macros-MacrosUITests-frameworks.sh\"\n";
			showEnvVarsInLog = 0;
		};
		73DFE00DF77658634C4A09F1 /* [CP] Check Pods Manifest.lock */ = {
			isa = PBXShellScriptBuildPhase;
			buildActionMask = 2147483647;
			files = (
			);
			inputFileListPaths = (
			);
			inputPaths = (
				"${PODS_PODFILE_DIR_PATH}/Podfile.lock",
				"${PODS_ROOT}/Manifest.lock",
			);
			name = "[CP] Check Pods Manifest.lock";
			outputFileListPaths = (
			);
			outputPaths = (
				"$(DERIVED_FILE_DIR)/Pods-MacrosTests-checkManifestLockResult.txt",
			);
			runOnlyForDeploymentPostprocessing = 0;
			shellPath = /bin/sh;
			shellScript = "diff \"${PODS_PODFILE_DIR_PATH}/Podfile.lock\" \"${PODS_ROOT}/Manifest.lock\" > /dev/null\nif [ $? != 0 ] ; then\n    # print error to STDERR\n    echo \"error: The sandbox is not in sync with the Podfile.lock. Run 'pod install' or update your CocoaPods installation.\" >&2\n    exit 1\nfi\n# This output is used by Xcode 'outputs' to avoid re-running this script phase.\necho \"SUCCESS\" > \"${SCRIPT_OUTPUT_FILE_0}\"\n";
			showEnvVarsInLog = 0;
		};
		DDFDA6B7FC24771BB3F4AD04 /* [CP] Embed Pods Frameworks */ = {
			isa = PBXShellScriptBuildPhase;
			buildActionMask = 2147483647;
			files = (
			);
			inputFileListPaths = (
				"${PODS_ROOT}/Target Support Files/Pods-Macros/Pods-Macros-frameworks-${CONFIGURATION}-input-files.xcfilelist",
			);
			name = "[CP] Embed Pods Frameworks";
			outputFileListPaths = (
				"${PODS_ROOT}/Target Support Files/Pods-Macros/Pods-Macros-frameworks-${CONFIGURATION}-output-files.xcfilelist",
			);
			runOnlyForDeploymentPostprocessing = 0;
			shellPath = /bin/sh;
			shellScript = "\"${PODS_ROOT}/Target Support Files/Pods-Macros/Pods-Macros-frameworks.sh\"\n";
			showEnvVarsInLog = 0;
		};
		FE1576E211E90EC1AEE97F0A /* [CP] Check Pods Manifest.lock */ = {
			isa = PBXShellScriptBuildPhase;
			buildActionMask = 2147483647;
			files = (
			);
			inputFileListPaths = (
			);
			inputPaths = (
				"${PODS_PODFILE_DIR_PATH}/Podfile.lock",
				"${PODS_ROOT}/Manifest.lock",
			);
			name = "[CP] Check Pods Manifest.lock";
			outputFileListPaths = (
			);
			outputPaths = (
				"$(DERIVED_FILE_DIR)/Pods-Macros-MacrosUITests-checkManifestLockResult.txt",
			);
			runOnlyForDeploymentPostprocessing = 0;
			shellPath = /bin/sh;
			shellScript = "diff \"${PODS_PODFILE_DIR_PATH}/Podfile.lock\" \"${PODS_ROOT}/Manifest.lock\" > /dev/null\nif [ $? != 0 ] ; then\n    # print error to STDERR\n    echo \"error: The sandbox is not in sync with the Podfile.lock. Run 'pod install' or update your CocoaPods installation.\" >&2\n    exit 1\nfi\n# This output is used by Xcode 'outputs' to avoid re-running this script phase.\necho \"SUCCESS\" > \"${SCRIPT_OUTPUT_FILE_0}\"\n";
			showEnvVarsInLog = 0;
		};
/* End PBXShellScriptBuildPhase section */

/* Begin PBXSourcesBuildPhase section */
		8459E7432460EC15002452F6 /* Sources */ = {
			isa = PBXSourcesBuildPhase;
			buildActionMask = 2147483647;
			files = (
				8459E77D2460FA92002452F6 /* Extensions.swift in Sources */,
				8459E77B2460ECFA002452F6 /* GoalCell.swift in Sources */,
				8459E74F2460EC15002452F6 /* DemoViewController.swift in Sources */,
				84B358922464FD35001FA5C3 /* FoodDatabaseModels.swift in Sources */,
				8459E74B2460EC15002452F6 /* AppDelegate.swift in Sources */,
				84B3588F2464FCDA001FA5C3 /* FoodDatabaseProtocol.swift in Sources */,
				842DFA3D2465021D00F27BE5 /* GoalCollectionCell.swift in Sources */,
				8459E74D2460EC15002452F6 /* SceneDelegate.swift in Sources */,
				84B3588D2464FCB9001FA5C3 /* FoodDatabaseManager.swift in Sources */,
				84B3588B2464FCA7001FA5C3 /* FoodDatabaseProperties.swift in Sources */,
				842DFA4324663C1100F27BE5 /* HealthKitManager.swift in Sources */,
				842DFA4124663B7B00F27BE5 /* HealthKitProtocol.swift in Sources */,
				84E40C07246E072500F7DA9D /* CalendarViewController.swift in Sources */,
				842DFA3F2465030800F27BE5 /* TVDemoViewController.swift in Sources */,
			);
			runOnlyForDeploymentPostprocessing = 0;
		};
		8459E7592460EC17002452F6 /* Sources */ = {
			isa = PBXSourcesBuildPhase;
			buildActionMask = 2147483647;
			files = (
				8459E7622460EC17002452F6 /* MacrosTests.swift in Sources */,
			);
			runOnlyForDeploymentPostprocessing = 0;
		};
		8459E7642460EC17002452F6 /* Sources */ = {
			isa = PBXSourcesBuildPhase;
			buildActionMask = 2147483647;
			files = (
				8459E76D2460EC17002452F6 /* MacrosUITests.swift in Sources */,
			);
			runOnlyForDeploymentPostprocessing = 0;
		};
/* End PBXSourcesBuildPhase section */

/* Begin PBXTargetDependency section */
		8459E75F2460EC17002452F6 /* PBXTargetDependency */ = {
			isa = PBXTargetDependency;
			target = 8459E7462460EC15002452F6 /* Macros */;
			targetProxy = 8459E75E2460EC17002452F6 /* PBXContainerItemProxy */;
		};
		8459E76A2460EC17002452F6 /* PBXTargetDependency */ = {
			isa = PBXTargetDependency;
			target = 8459E7462460EC15002452F6 /* Macros */;
			targetProxy = 8459E7692460EC17002452F6 /* PBXContainerItemProxy */;
		};
/* End PBXTargetDependency section */

/* Begin PBXVariantGroup section */
		8459E7552460EC16002452F6 /* LaunchScreen.storyboard */ = {
			isa = PBXVariantGroup;
			children = (
				8459E7562460EC16002452F6 /* Base */,
			);
			name = LaunchScreen.storyboard;
			sourceTree = "<group>";
		};
/* End PBXVariantGroup section */

/* Begin XCBuildConfiguration section */
		8459E76F2460EC17002452F6 /* Debug */ = {
			isa = XCBuildConfiguration;
			buildSettings = {
				ALWAYS_SEARCH_USER_PATHS = NO;
				CLANG_ANALYZER_NONNULL = YES;
				CLANG_ANALYZER_NUMBER_OBJECT_CONVERSION = YES_AGGRESSIVE;
				CLANG_CXX_LANGUAGE_STANDARD = "gnu++14";
				CLANG_CXX_LIBRARY = "libc++";
				CLANG_ENABLE_MODULES = YES;
				CLANG_ENABLE_OBJC_ARC = YES;
				CLANG_ENABLE_OBJC_WEAK = YES;
				CLANG_WARN_BLOCK_CAPTURE_AUTORELEASING = YES;
				CLANG_WARN_BOOL_CONVERSION = YES;
				CLANG_WARN_COMMA = YES;
				CLANG_WARN_CONSTANT_CONVERSION = YES;
				CLANG_WARN_DEPRECATED_OBJC_IMPLEMENTATIONS = YES;
				CLANG_WARN_DIRECT_OBJC_ISA_USAGE = YES_ERROR;
				CLANG_WARN_DOCUMENTATION_COMMENTS = YES;
				CLANG_WARN_EMPTY_BODY = YES;
				CLANG_WARN_ENUM_CONVERSION = YES;
				CLANG_WARN_INFINITE_RECURSION = YES;
				CLANG_WARN_INT_CONVERSION = YES;
				CLANG_WARN_NON_LITERAL_NULL_CONVERSION = YES;
				CLANG_WARN_OBJC_IMPLICIT_RETAIN_SELF = YES;
				CLANG_WARN_OBJC_LITERAL_CONVERSION = YES;
				CLANG_WARN_OBJC_ROOT_CLASS = YES_ERROR;
				CLANG_WARN_RANGE_LOOP_ANALYSIS = YES;
				CLANG_WARN_STRICT_PROTOTYPES = YES;
				CLANG_WARN_SUSPICIOUS_MOVE = YES;
				CLANG_WARN_UNGUARDED_AVAILABILITY = YES_AGGRESSIVE;
				CLANG_WARN_UNREACHABLE_CODE = YES;
				CLANG_WARN__DUPLICATE_METHOD_MATCH = YES;
				COPY_PHASE_STRIP = NO;
				DEBUG_INFORMATION_FORMAT = dwarf;
				ENABLE_STRICT_OBJC_MSGSEND = YES;
				ENABLE_TESTABILITY = YES;
				GCC_C_LANGUAGE_STANDARD = gnu11;
				GCC_DYNAMIC_NO_PIC = NO;
				GCC_NO_COMMON_BLOCKS = YES;
				GCC_OPTIMIZATION_LEVEL = 0;
				GCC_PREPROCESSOR_DEFINITIONS = (
					"DEBUG=1",
					"$(inherited)",
				);
				GCC_WARN_64_TO_32_BIT_CONVERSION = YES;
				GCC_WARN_ABOUT_RETURN_TYPE = YES_ERROR;
				GCC_WARN_UNDECLARED_SELECTOR = YES;
				GCC_WARN_UNINITIALIZED_AUTOS = YES_AGGRESSIVE;
				GCC_WARN_UNUSED_FUNCTION = YES;
				GCC_WARN_UNUSED_VARIABLE = YES;
				IPHONEOS_DEPLOYMENT_TARGET = 13.4;
				MTL_ENABLE_DEBUG_INFO = INCLUDE_SOURCE;
				MTL_FAST_MATH = YES;
				ONLY_ACTIVE_ARCH = YES;
				SDKROOT = iphoneos;
				SWIFT_ACTIVE_COMPILATION_CONDITIONS = DEBUG;
				SWIFT_OPTIMIZATION_LEVEL = "-Onone";
			};
			name = Debug;
		};
		8459E7702460EC17002452F6 /* Release */ = {
			isa = XCBuildConfiguration;
			buildSettings = {
				ALWAYS_SEARCH_USER_PATHS = NO;
				CLANG_ANALYZER_NONNULL = YES;
				CLANG_ANALYZER_NUMBER_OBJECT_CONVERSION = YES_AGGRESSIVE;
				CLANG_CXX_LANGUAGE_STANDARD = "gnu++14";
				CLANG_CXX_LIBRARY = "libc++";
				CLANG_ENABLE_MODULES = YES;
				CLANG_ENABLE_OBJC_ARC = YES;
				CLANG_ENABLE_OBJC_WEAK = YES;
				CLANG_WARN_BLOCK_CAPTURE_AUTORELEASING = YES;
				CLANG_WARN_BOOL_CONVERSION = YES;
				CLANG_WARN_COMMA = YES;
				CLANG_WARN_CONSTANT_CONVERSION = YES;
				CLANG_WARN_DEPRECATED_OBJC_IMPLEMENTATIONS = YES;
				CLANG_WARN_DIRECT_OBJC_ISA_USAGE = YES_ERROR;
				CLANG_WARN_DOCUMENTATION_COMMENTS = YES;
				CLANG_WARN_EMPTY_BODY = YES;
				CLANG_WARN_ENUM_CONVERSION = YES;
				CLANG_WARN_INFINITE_RECURSION = YES;
				CLANG_WARN_INT_CONVERSION = YES;
				CLANG_WARN_NON_LITERAL_NULL_CONVERSION = YES;
				CLANG_WARN_OBJC_IMPLICIT_RETAIN_SELF = YES;
				CLANG_WARN_OBJC_LITERAL_CONVERSION = YES;
				CLANG_WARN_OBJC_ROOT_CLASS = YES_ERROR;
				CLANG_WARN_RANGE_LOOP_ANALYSIS = YES;
				CLANG_WARN_STRICT_PROTOTYPES = YES;
				CLANG_WARN_SUSPICIOUS_MOVE = YES;
				CLANG_WARN_UNGUARDED_AVAILABILITY = YES_AGGRESSIVE;
				CLANG_WARN_UNREACHABLE_CODE = YES;
				CLANG_WARN__DUPLICATE_METHOD_MATCH = YES;
				COPY_PHASE_STRIP = NO;
				DEBUG_INFORMATION_FORMAT = "dwarf-with-dsym";
				ENABLE_NS_ASSERTIONS = NO;
				ENABLE_STRICT_OBJC_MSGSEND = YES;
				GCC_C_LANGUAGE_STANDARD = gnu11;
				GCC_NO_COMMON_BLOCKS = YES;
				GCC_WARN_64_TO_32_BIT_CONVERSION = YES;
				GCC_WARN_ABOUT_RETURN_TYPE = YES_ERROR;
				GCC_WARN_UNDECLARED_SELECTOR = YES;
				GCC_WARN_UNINITIALIZED_AUTOS = YES_AGGRESSIVE;
				GCC_WARN_UNUSED_FUNCTION = YES;
				GCC_WARN_UNUSED_VARIABLE = YES;
				IPHONEOS_DEPLOYMENT_TARGET = 13.4;
				MTL_ENABLE_DEBUG_INFO = NO;
				MTL_FAST_MATH = YES;
				SDKROOT = iphoneos;
				SWIFT_COMPILATION_MODE = wholemodule;
				SWIFT_OPTIMIZATION_LEVEL = "-O";
				VALIDATE_PRODUCT = YES;
			};
			name = Release;
		};
		8459E7722460EC17002452F6 /* Debug */ = {
			isa = XCBuildConfiguration;
			baseConfigurationReference = F8B07C92B2F1708B95F0A62B /* Pods-Macros.debug.xcconfig */;
			buildSettings = {
				ASSETCATALOG_COMPILER_APPICON_NAME = AppIcon;
				CODE_SIGN_ENTITLEMENTS = Macros/Macros.entitlements;
				CODE_SIGN_STYLE = Automatic;
				DEVELOPMENT_TEAM = TBHHC6VWZD;
				INFOPLIST_FILE = Macros/Info.plist;
				IPHONEOS_DEPLOYMENT_TARGET = 13.0;
				LD_RUNPATH_SEARCH_PATHS = (
					"$(inherited)",
					"@executable_path/Frameworks",
				);
				PRODUCT_BUNDLE_IDENTIFIER = com.joeydevelops.Macros;
				PRODUCT_NAME = "$(TARGET_NAME)";
				SWIFT_VERSION = 5.0;
				TARGETED_DEVICE_FAMILY = 1;
			};
			name = Debug;
		};
		8459E7732460EC17002452F6 /* Release */ = {
			isa = XCBuildConfiguration;
			baseConfigurationReference = CF301D55AF823D10A30F4568 /* Pods-Macros.release.xcconfig */;
			buildSettings = {
				ASSETCATALOG_COMPILER_APPICON_NAME = AppIcon;
				CODE_SIGN_ENTITLEMENTS = Macros/Macros.entitlements;
				CODE_SIGN_STYLE = Automatic;
				DEVELOPMENT_TEAM = TBHHC6VWZD;
				INFOPLIST_FILE = Macros/Info.plist;
				IPHONEOS_DEPLOYMENT_TARGET = 13.0;
				LD_RUNPATH_SEARCH_PATHS = (
					"$(inherited)",
					"@executable_path/Frameworks",
				);
				PRODUCT_BUNDLE_IDENTIFIER = com.joeydevelops.Macros;
				PRODUCT_NAME = "$(TARGET_NAME)";
				SWIFT_VERSION = 5.0;
				TARGETED_DEVICE_FAMILY = 1;
			};
			name = Release;
		};
		8459E7752460EC17002452F6 /* Debug */ = {
			isa = XCBuildConfiguration;
			baseConfigurationReference = 9C906D0DF91B61A7339720DA /* Pods-MacrosTests.debug.xcconfig */;
			buildSettings = {
				ALWAYS_EMBED_SWIFT_STANDARD_LIBRARIES = YES;
				BUNDLE_LOADER = "$(TEST_HOST)";
				CODE_SIGN_STYLE = Automatic;
				DEVELOPMENT_TEAM = TBHHC6VWZD;
				INFOPLIST_FILE = MacrosTests/Info.plist;
				IPHONEOS_DEPLOYMENT_TARGET = 13.4;
				LD_RUNPATH_SEARCH_PATHS = (
					"$(inherited)",
					"@executable_path/Frameworks",
					"@loader_path/Frameworks",
				);
				PRODUCT_BUNDLE_IDENTIFIER = com.joeydevelops.MacrosTests;
				PRODUCT_NAME = "$(TARGET_NAME)";
				SWIFT_VERSION = 5.0;
				TARGETED_DEVICE_FAMILY = "1,2";
				TEST_HOST = "$(BUILT_PRODUCTS_DIR)/Macros.app/Macros";
			};
			name = Debug;
		};
		8459E7762460EC17002452F6 /* Release */ = {
			isa = XCBuildConfiguration;
			baseConfigurationReference = 0B77857CCA83C2EB2FB21E31 /* Pods-MacrosTests.release.xcconfig */;
			buildSettings = {
				ALWAYS_EMBED_SWIFT_STANDARD_LIBRARIES = YES;
				BUNDLE_LOADER = "$(TEST_HOST)";
				CODE_SIGN_STYLE = Automatic;
				DEVELOPMENT_TEAM = TBHHC6VWZD;
				INFOPLIST_FILE = MacrosTests/Info.plist;
				IPHONEOS_DEPLOYMENT_TARGET = 13.4;
				LD_RUNPATH_SEARCH_PATHS = (
					"$(inherited)",
					"@executable_path/Frameworks",
					"@loader_path/Frameworks",
				);
				PRODUCT_BUNDLE_IDENTIFIER = com.joeydevelops.MacrosTests;
				PRODUCT_NAME = "$(TARGET_NAME)";
				SWIFT_VERSION = 5.0;
				TARGETED_DEVICE_FAMILY = "1,2";
				TEST_HOST = "$(BUILT_PRODUCTS_DIR)/Macros.app/Macros";
			};
			name = Release;
		};
		8459E7782460EC17002452F6 /* Debug */ = {
			isa = XCBuildConfiguration;
			baseConfigurationReference = D76722311B6F7503812696C5 /* Pods-Macros-MacrosUITests.debug.xcconfig */;
			buildSettings = {
				ALWAYS_EMBED_SWIFT_STANDARD_LIBRARIES = YES;
				CODE_SIGN_STYLE = Automatic;
				DEVELOPMENT_TEAM = TBHHC6VWZD;
				INFOPLIST_FILE = MacrosUITests/Info.plist;
				LD_RUNPATH_SEARCH_PATHS = (
					"$(inherited)",
					"@executable_path/Frameworks",
					"@loader_path/Frameworks",
				);
				PRODUCT_BUNDLE_IDENTIFIER = com.joeydevelops.MacrosUITests;
				PRODUCT_NAME = "$(TARGET_NAME)";
				SWIFT_VERSION = 5.0;
				TARGETED_DEVICE_FAMILY = "1,2";
				TEST_TARGET_NAME = Macros;
			};
			name = Debug;
		};
		8459E7792460EC17002452F6 /* Release */ = {
			isa = XCBuildConfiguration;
			baseConfigurationReference = AA2E11FF0F01406082F14D8D /* Pods-Macros-MacrosUITests.release.xcconfig */;
			buildSettings = {
				ALWAYS_EMBED_SWIFT_STANDARD_LIBRARIES = YES;
				CODE_SIGN_STYLE = Automatic;
				DEVELOPMENT_TEAM = TBHHC6VWZD;
				INFOPLIST_FILE = MacrosUITests/Info.plist;
				LD_RUNPATH_SEARCH_PATHS = (
					"$(inherited)",
					"@executable_path/Frameworks",
					"@loader_path/Frameworks",
				);
				PRODUCT_BUNDLE_IDENTIFIER = com.joeydevelops.MacrosUITests;
				PRODUCT_NAME = "$(TARGET_NAME)";
				SWIFT_VERSION = 5.0;
				TARGETED_DEVICE_FAMILY = "1,2";
				TEST_TARGET_NAME = Macros;
			};
			name = Release;
		};
/* End XCBuildConfiguration section */

/* Begin XCConfigurationList section */
		8459E7422460EC15002452F6 /* Build configuration list for PBXProject "Macros" */ = {
			isa = XCConfigurationList;
			buildConfigurations = (
				8459E76F2460EC17002452F6 /* Debug */,
				8459E7702460EC17002452F6 /* Release */,
			);
			defaultConfigurationIsVisible = 0;
			defaultConfigurationName = Release;
		};
		8459E7712460EC17002452F6 /* Build configuration list for PBXNativeTarget "Macros" */ = {
			isa = XCConfigurationList;
			buildConfigurations = (
				8459E7722460EC17002452F6 /* Debug */,
				8459E7732460EC17002452F6 /* Release */,
			);
			defaultConfigurationIsVisible = 0;
			defaultConfigurationName = Release;
		};
		8459E7742460EC17002452F6 /* Build configuration list for PBXNativeTarget "MacrosTests" */ = {
			isa = XCConfigurationList;
			buildConfigurations = (
				8459E7752460EC17002452F6 /* Debug */,
				8459E7762460EC17002452F6 /* Release */,
			);
			defaultConfigurationIsVisible = 0;
			defaultConfigurationName = Release;
		};
		8459E7772460EC17002452F6 /* Build configuration list for PBXNativeTarget "MacrosUITests" */ = {
			isa = XCConfigurationList;
			buildConfigurations = (
				8459E7782460EC17002452F6 /* Debug */,
				8459E7792460EC17002452F6 /* Release */,
			);
			defaultConfigurationIsVisible = 0;
			defaultConfigurationName = Release;
		};
/* End XCConfigurationList section */
	};
	rootObject = 8459E73F2460EC15002452F6 /* Project object */;
}
